
Microsoft Visual Studio Solution File, Format Version 12.00
# Visual Studio 15
VisualStudioVersion = 15.0.28307.106
MinimumVisualStudioVersion = 10.0.40219.1
Project("{FAE04EC0-301F-11D3-BF4B-00C04F79EFBC}") = "Prices.Web.Server", "Prices.Web.Server\Prices.Web.Server.csproj", "{252F03F5-309F-4114-8AD3-B9887E618CAE}"
EndProject
Project("{FAE04EC0-301F-11D3-BF4B-00C04F79EFBC}") = "Prices.Web.Client", "Prices.Web.Client\Prices.Web.Client.csproj", "{E6B17806-23B1-4085-8C07-76BFF971F3F1}"
EndProject
Project("{FAE04EC0-301F-11D3-BF4B-00C04F79EFBC}") = "Prices.Web.Shared", "Prices.Web.Shared\Prices.Web.Shared.csproj", "{844DCAB9-7FA8-4AB0-B281-01386703139D}"
EndProject
Project("{FAE04EC0-301F-11D3-BF4B-00C04F79EFBC}") = "Prices.Web.Server.Tests", "Prices.Web.Server.Tests\Prices.Web.Server.Tests.csproj", "{3BAF1A1E-692D-43D2-B6ED-1D6A15589A7D}"
EndProject
Project("{FAE04EC0-301F-11D3-BF4B-00C04F79EFBC}") = "Prices.Web.Client.Tests", "Prices.Web.Client.Tests\Prices.Web.Client.Tests.csproj", "{0D27FFE1-D3A1-424D-8B07-D6639DC287BA}"
EndProject
Global
	GlobalSection(SolutionConfigurationPlatforms) = preSolution
		Debug|Any CPU = Debug|Any CPU
		Release|Any CPU = Release|Any CPU
	EndGlobalSection
	GlobalSection(ProjectConfigurationPlatforms) = postSolution
		{252F03F5-309F-4114-8AD3-B9887E618CAE}.Debug|Any CPU.ActiveCfg = Debug|Any CPU
		{252F03F5-309F-4114-8AD3-B9887E618CAE}.Debug|Any CPU.Build.0 = Debug|Any CPU
		{252F03F5-309F-4114-8AD3-B9887E618CAE}.Release|Any CPU.ActiveCfg = Release|Any CPU
		{252F03F5-309F-4114-8AD3-B9887E618CAE}.Release|Any CPU.Build.0 = Release|Any CPU
		{E6B17806-23B1-4085-8C07-76BFF971F3F1}.Debug|Any CPU.ActiveCfg = Debug|Any CPU
		{E6B17806-23B1-4085-8C07-76BFF971F3F1}.Debug|Any CPU.Build.0 = Debug|Any CPU
		{E6B17806-23B1-4085-8C07-76BFF971F3F1}.Release|Any CPU.ActiveCfg = Release|Any CPU
		{E6B17806-23B1-4085-8C07-76BFF971F3F1}.Release|Any CPU.Build.0 = Release|Any CPU
		{844DCAB9-7FA8-4AB0-B281-01386703139D}.Debug|Any CPU.ActiveCfg = Debug|Any CPU
		{844DCAB9-7FA8-4AB0-B281-01386703139D}.Debug|Any CPU.Build.0 = Debug|Any CPU
		{844DCAB9-7FA8-4AB0-B281-01386703139D}.Release|Any CPU.ActiveCfg = Release|Any CPU
		{844DCAB9-7FA8-4AB0-B281-01386703139D}.Release|Any CPU.Build.0 = Release|Any CPU
		{3BAF1A1E-692D-43D2-B6ED-1D6A15589A7D}.Debug|Any CPU.ActiveCfg = Debug|Any CPU
		{3BAF1A1E-692D-43D2-B6ED-1D6A15589A7D}.Debug|Any CPU.Build.0 = Debug|Any CPU
		{3BAF1A1E-692D-43D2-B6ED-1D6A15589A7D}.Release|Any CPU.ActiveCfg = Release|Any CPU
		{3BAF1A1E-692D-43D2-B6ED-1D6A15589A7D}.Release|Any CPU.Build.0 = Release|Any CPU
		{0D27FFE1-D3A1-424D-8B07-D6639DC287BA}.Debug|Any CPU.ActiveCfg = Debug|Any CPU
		{0D27FFE1-D3A1-424D-8B07-D6639DC287BA}.Debug|Any CPU.Build.0 = Debug|Any CPU
		{0D27FFE1-D3A1-424D-8B07-D6639DC287BA}.Release|Any CPU.ActiveCfg = Release|Any CPU
		{0D27FFE1-D3A1-424D-8B07-D6639DC287BA}.Release|Any CPU.Build.0 = Release|Any CPU
	EndGlobalSection
	GlobalSection(SolutionProperties) = preSolution
		HideSolutionNode = FALSE
	EndGlobalSection
	GlobalSection(ExtensibilityGlobals) = postSolution
		SolutionGuid = {3DAC2596-9DC8-4963-8A62-21F9F9175554}
	EndGlobalSection
EndGlobal
